
Microsoft Visual Studio Solution File, Format Version 12.00
# Visual Studio Version 17
VisualStudioVersion = 17.14.36109.1
MinimumVisualStudioVersion = 10.0.40219.1
Project("{2150E333-8FDC-42A3-9474-1A3956D46DE8}") = "src", "src", "{02EA681E-C7D8-13C7-8484-4AC65E1B71E8}"
EndProject
Project("{FAE04EC0-301F-11D3-BF4B-00C04F79EFBC}") = "Bybit.Client.Websocket", "src\Bybit.Client.Websocket\Bybit.Client.Websocket.csproj", "{5EA05B99-08D8-5405-FB34-0F8966FA96CA}"
EndProject
Global
	GlobalSection(SolutionConfigurationPlatforms) = preSolution
		Debug|Any CPU = Debug|Any CPU
		Release|Any CPU = Release|Any CPU
	EndGlobalSection
	GlobalSection(ProjectConfigurationPlatforms) = postSolution
		{5EA05B99-08D8-5405-FB34-0F8966FA96CA}.Debug|Any CPU.ActiveCfg = Debug|Any CPU
		{5EA05B99-08D8-5405-FB34-0F8966FA96CA}.Debug|Any CPU.Build.0 = Debug|Any CPU
		{5EA05B99-08D8-5405-FB34-0F8966FA96CA}.Release|Any CPU.ActiveCfg = Release|Any CPU
		{5EA05B99-08D8-5405-FB34-0F8966FA96CA}.Release|Any CPU.Build.0 = Release|Any CPU
	EndGlobalSection
	GlobalSection(SolutionProperties) = preSolution
		HideSolutionNode = FALSE
	EndGlobalSection
	GlobalSection(NestedProjects) = preSolution
		{5EA05B99-08D8-5405-FB34-0F8966FA96CA} = {02EA681E-C7D8-13C7-8484-4AC65E1B71E8}
	EndGlobalSection
	GlobalSection(ExtensibilityGlobals) = postSolution
		SolutionGuid = {053D69F1-C4B3-45D7-92A8-C14DA7C054F3}
	EndGlobalSection
EndGlobal
